// !$*UTF8*$!
{
	archiveVersion = 1;
	classes = {
	};
	objectVersion = 56;
	objects = {

/* Begin PBXBuildFile section */
		7A3D31112D5647980031C192 /* SwiftBasicFormat in Frameworks */ = {isa = PBXBuildFile; productRef = 7A3D31102D5647980031C192 /* SwiftBasicFormat */; };
		7A3D31132D5647980031C192 /* SwiftCompilerPlugin in Frameworks */ = {isa = PBXBuildFile; productRef = 7A3D31122D5647980031C192 /* SwiftCompilerPlugin */; };
		7A3D31152D5647980031C192 /* SwiftDiagnostics in Frameworks */ = {isa = PBXBuildFile; productRef = 7A3D31142D5647980031C192 /* SwiftDiagnostics */; };
		7A3D31172D5647980031C192 /* SwiftIDEUtils in Frameworks */ = {isa = PBXBuildFile; productRef = 7A3D31162D5647980031C192 /* SwiftIDEUtils */; };
		7A3D31192D5647980031C192 /* SwiftOperators in Frameworks */ = {isa = PBXBuildFile; productRef = 7A3D31182D5647980031C192 /* SwiftOperators */; };
		7A3D311C2D564B0C0031C192 /* ASTDuplicateCodeManager.swift in Sources */ = {isa = PBXBuildFile; fileRef = 7A3D311B2D564B0B0031C192 /* ASTDuplicateCodeManager.swift */; };
		7A5281A62D0F24A0005CAC69 /* AppOptimizerApp.swift in Sources */ = {isa = PBXBuildFile; fileRef = 7A5281A52D0F24A0005CAC69 /* AppOptimizerApp.swift */; };
		7A5281A82D0F24A0005CAC69 /* ContentView.swift in Sources */ = {isa = PBXBuildFile; fileRef = 7A5281A72D0F24A0005CAC69 /* ContentView.swift */; };
		7A5281AA2D0F24A2005CAC69 /* Assets.xcassets in Resources */ = {isa = PBXBuildFile; fileRef = 7A5281A92D0F24A2005CAC69 /* Assets.xcassets */; };
		7A5281AD2D0F24A2005CAC69 /* Preview Assets.xcassets in Resources */ = {isa = PBXBuildFile; fileRef = 7A5281AC2D0F24A2005CAC69 /* Preview Assets.xcassets */; };
		7A5281B72D0F2562005CAC69 /* HomeView.swift in Sources */ = {isa = PBXBuildFile; fileRef = 7A5281B62D0F2562005CAC69 /* HomeView.swift */; };
		7A5281BC2D0F7BBA005CAC69 /* analyze_dead_code.rb in Resources */ = {isa = PBXBuildFile; fileRef = 7A5281BB2D0F7BBA005CAC69 /* analyze_dead_code.rb */; };
		7A8A41BC2D2EEC4600FD7D5A /* DeadCodeManager.swift in Sources */ = {isa = PBXBuildFile; fileRef = 7A8A41BB2D2EEC4600FD7D5A /* DeadCodeManager.swift */; };
		7AA8878C2D8D615B0059A4A2 /* ASTVisitor.swift in Sources */ = {isa = PBXBuildFile; fileRef = 7AA8878B2D8D615A0059A4A2 /* ASTVisitor.swift */; };
		7AA8878E2D8D61880059A4A2 /* AST.swift in Sources */ = {isa = PBXBuildFile; fileRef = 7AA8878D2D8D61850059A4A2 /* AST.swift */; };
		7AA887902D8D61A10059A4A2 /* ASTNode.swift in Sources */ = {isa = PBXBuildFile; fileRef = 7AA8878F2D8D61A00059A4A2 /* ASTNode.swift */; };
		7AA887932D8D63CD0059A4A2 /* PDGGraph2.swift in Sources */ = {isa = PBXBuildFile; fileRef = 7AA887922D8D63CC0059A4A2 /* PDGGraph2.swift */; };
		7AA8879A2D8D6B440059A4A2 /* SwiftGraph in Frameworks */ = {isa = PBXBuildFile; productRef = 7AA887992D8D6B440059A4A2 /* SwiftGraph */; };
		7AA887A92DA4477E0059A4A2 /* ASTVisitor2.swift in Sources */ = {isa = PBXBuildFile; fileRef = 7AA887A82DA4477E0059A4A2 /* ASTVisitor2.swift */; };
		7AA887AB2DA4484F0059A4A2 /* AST2.swift in Sources */ = {isa = PBXBuildFile; fileRef = 7AA887AA2DA4484F0059A4A2 /* AST2.swift */; };
		7AA887AF2DA44C6D0059A4A2 /* PDGNode.swift in Sources */ = {isa = PBXBuildFile; fileRef = 7AA887AE2DA44C6D0059A4A2 /* PDGNode.swift */; };
		7AA887B12DA44D280059A4A2 /* PDGBuilder.swift in Sources */ = {isa = PBXBuildFile; fileRef = 7AA887B02DA44D270059A4A2 /* PDGBuilder.swift */; };
		7AA887B32DA44D590059A4A2 /* PDGDuplicateCodeManager.swift in Sources */ = {isa = PBXBuildFile; fileRef = 7AA887B22DA44D590059A4A2 /* PDGDuplicateCodeManager.swift */; };
		7AA887B52DA44E300059A4A2 /* PDGGraph.swift in Sources */ = {isa = PBXBuildFile; fileRef = 7AA887B42DA44E2F0059A4A2 /* PDGGraph.swift */; };
		7AA887B82DA451B50059A4A2 /* PDGEdgeType.swift in Sources */ = {isa = PBXBuildFile; fileRef = 7AA887B72DA451B40059A4A2 /* PDGEdgeType.swift */; };
		7AA887BA2DA455AD0059A4A2 /* PDGSubgraph.swift in Sources */ = {isa = PBXBuildFile; fileRef = 7AA887B92DA455A70059A4A2 /* PDGSubgraph.swift */; };
		7ADFF8F12D316A1C00882B4B /* analyze_assets.rb in Resources */ = {isa = PBXBuildFile; fileRef = 7ADFF8EF2D316A1C00882B4B /* analyze_assets.rb */; };
		7ADFF8F22D316A1C00882B4B /* analyze_libs.rb in Resources */ = {isa = PBXBuildFile; fileRef = 7ADFF8F02D316A1C00882B4B /* analyze_libs.rb */; };
/* End PBXBuildFile section */

/* Begin PBXFileReference section */
		7A3D311B2D564B0B0031C192 /* ASTDuplicateCodeManager.swift */ = {isa = PBXFileReference; lastKnownFileType = sourcecode.swift; path = ASTDuplicateCodeManager.swift; sourceTree = "<group>"; };
		7A5281A22D0F24A0005CAC69 /* AppOptimizer.app */ = {isa = PBXFileReference; explicitFileType = wrapper.application; includeInIndex = 0; path = AppOptimizer.app; sourceTree = BUILT_PRODUCTS_DIR; };
		7A5281A52D0F24A0005CAC69 /* AppOptimizerApp.swift */ = {isa = PBXFileReference; lastKnownFileType = sourcecode.swift; path = AppOptimizerApp.swift; sourceTree = "<group>"; };
		7A5281A72D0F24A0005CAC69 /* ContentView.swift */ = {isa = PBXFileReference; lastKnownFileType = sourcecode.swift; path = ContentView.swift; sourceTree = "<group>"; };
		7A5281A92D0F24A2005CAC69 /* Assets.xcassets */ = {isa = PBXFileReference; lastKnownFileType = folder.assetcatalog; path = Assets.xcassets; sourceTree = "<group>"; };
		7A5281AC2D0F24A2005CAC69 /* Preview Assets.xcassets */ = {isa = PBXFileReference; lastKnownFileType = folder.assetcatalog; path = "Preview Assets.xcassets"; sourceTree = "<group>"; };
		7A5281AE2D0F24A2005CAC69 /* AppOptimizer.entitlements */ = {isa = PBXFileReference; lastKnownFileType = text.plist.entitlements; path = AppOptimizer.entitlements; sourceTree = "<group>"; };
		7A5281B62D0F2562005CAC69 /* HomeView.swift */ = {isa = PBXFileReference; lastKnownFileType = sourcecode.swift; path = HomeView.swift; sourceTree = "<group>"; };
		7A5281BB2D0F7BBA005CAC69 /* analyze_dead_code.rb */ = {isa = PBXFileReference; lastKnownFileType = text.script.ruby; name = analyze_dead_code.rb; path = AppOptimizer/analyze_dead_code.rb; sourceTree = "<group>"; };
		7A8A41BB2D2EEC4600FD7D5A /* DeadCodeManager.swift */ = {isa = PBXFileReference; lastKnownFileType = sourcecode.swift; path = DeadCodeManager.swift; sourceTree = "<group>"; };
		7AA8878B2D8D615A0059A4A2 /* ASTVisitor.swift */ = {isa = PBXFileReference; lastKnownFileType = sourcecode.swift; path = ASTVisitor.swift; sourceTree = "<group>"; };
		7AA8878D2D8D61850059A4A2 /* AST.swift */ = {isa = PBXFileReference; lastKnownFileType = sourcecode.swift; path = AST.swift; sourceTree = "<group>"; };
		7AA8878F2D8D61A00059A4A2 /* ASTNode.swift */ = {isa = PBXFileReference; lastKnownFileType = sourcecode.swift; path = ASTNode.swift; sourceTree = "<group>"; };
		7AA887922D8D63CC0059A4A2 /* PDGGraph2.swift */ = {isa = PBXFileReference; lastKnownFileType = sourcecode.swift; path = PDGGraph2.swift; sourceTree = "<group>"; };
		7AA887A82DA4477E0059A4A2 /* ASTVisitor2.swift */ = {isa = PBXFileReference; lastKnownFileType = sourcecode.swift; path = ASTVisitor2.swift; sourceTree = "<group>"; };
		7AA887AA2DA4484F0059A4A2 /* AST2.swift */ = {isa = PBXFileReference; lastKnownFileType = sourcecode.swift; path = AST2.swift; sourceTree = "<group>"; };
		7AA887AE2DA44C6D0059A4A2 /* PDGNode.swift */ = {isa = PBXFileReference; lastKnownFileType = sourcecode.swift; path = PDGNode.swift; sourceTree = "<group>"; };
		7AA887B02DA44D270059A4A2 /* PDGBuilder.swift */ = {isa = PBXFileReference; lastKnownFileType = sourcecode.swift; path = PDGBuilder.swift; sourceTree = "<group>"; };
		7AA887B22DA44D590059A4A2 /* PDGDuplicateCodeManager.swift */ = {isa = PBXFileReference; lastKnownFileType = sourcecode.swift; path = PDGDuplicateCodeManager.swift; sourceTree = "<group>"; };
		7AA887B42DA44E2F0059A4A2 /* PDGGraph.swift */ = {isa = PBXFileReference; lastKnownFileType = sourcecode.swift; path = PDGGraph.swift; sourceTree = "<group>"; };
		7AA887B72DA451B40059A4A2 /* PDGEdgeType.swift */ = {isa = PBXFileReference; lastKnownFileType = sourcecode.swift; path = PDGEdgeType.swift; sourceTree = "<group>"; };
		7AA887B92DA455A70059A4A2 /* PDGSubgraph.swift */ = {isa = PBXFileReference; lastKnownFileType = sourcecode.swift; path = PDGSubgraph.swift; sourceTree = "<group>"; };
		7ADFF8EF2D316A1C00882B4B /* analyze_assets.rb */ = {isa = PBXFileReference; fileEncoding = 4; lastKnownFileType = text.script.ruby; name = analyze_assets.rb; path = AppOptimizer/analyze_assets.rb; sourceTree = "<group>"; };
		7ADFF8F02D316A1C00882B4B /* analyze_libs.rb */ = {isa = PBXFileReference; fileEncoding = 4; lastKnownFileType = text.script.ruby; name = analyze_libs.rb; path = AppOptimizer/analyze_libs.rb; sourceTree = "<group>"; };
/* End PBXFileReference section */

/* Begin PBXFrameworksBuildPhase section */
		7A52819F2D0F24A0005CAC69 /* Frameworks */ = {
			isa = PBXFrameworksBuildPhase;
			buildActionMask = 2147483647;
			files = (
				7A3D31152D5647980031C192 /* SwiftDiagnostics in Frameworks */,
				7A3D31172D5647980031C192 /* SwiftIDEUtils in Frameworks */,
				7A3D31132D5647980031C192 /* SwiftCompilerPlugin in Frameworks */,
				7A3D31112D5647980031C192 /* SwiftBasicFormat in Frameworks */,
				7A3D31192D5647980031C192 /* SwiftOperators in Frameworks */,
				7AA8879A2D8D6B440059A4A2 /* SwiftGraph in Frameworks */,
			);
			runOnlyForDeploymentPostprocessing = 0;
		};
/* End PBXFrameworksBuildPhase section */

/* Begin PBXGroup section */
		7A3D310F2D56476C0031C192 /* Frameworks */ = {
			isa = PBXGroup;
			children = (
			);
			name = Frameworks;
			sourceTree = "<group>";
		};
		7A3D311A2D564AFC0031C192 /* Duplicate */ = {
			isa = PBXGroup;
			children = (
				7AA887B02DA44D270059A4A2 /* PDGBuilder.swift */,
			);
			path = Duplicate;
			sourceTree = "<group>";
		};
		7A5281992D0F24A0005CAC69 = {
			isa = PBXGroup;
			children = (
				7ADFF8EF2D316A1C00882B4B /* analyze_assets.rb */,
				7ADFF8F02D316A1C00882B4B /* analyze_libs.rb */,
				7A5281BB2D0F7BBA005CAC69 /* analyze_dead_code.rb */,
				7A5281A42D0F24A0005CAC69 /* AppOptimizer */,
				7A3D310F2D56476C0031C192 /* Frameworks */,
				7A5281A32D0F24A0005CAC69 /* Products */,
			);
			sourceTree = "<group>";
		};
		7A5281A32D0F24A0005CAC69 /* Products */ = {
			isa = PBXGroup;
			children = (
				7A5281A22D0F24A0005CAC69 /* AppOptimizer.app */,
			);
			name = Products;
			sourceTree = "<group>";
		};
		7A5281A42D0F24A0005CAC69 /* AppOptimizer */ = {
			isa = PBXGroup;
			children = (
				7AA887B62DA44F0E0059A4A2 /* Managers */,
				7AA8878A2D8D614A0059A4A2 /* Models */,
				7A5281B52D0F2554005CAC69 /* View */,
				7A5281B42D0F253D005CAC69 /* Helpers */,
				7A5281A52D0F24A0005CAC69 /* AppOptimizerApp.swift */,
				7A5281A72D0F24A0005CAC69 /* ContentView.swift */,
				7A5281A92D0F24A2005CAC69 /* Assets.xcassets */,
				7A5281AE2D0F24A2005CAC69 /* AppOptimizer.entitlements */,
				7A5281AB2D0F24A2005CAC69 /* Preview Content */,
			);
			path = AppOptimizer;
			sourceTree = "<group>";
		};
		7A5281AB2D0F24A2005CAC69 /* Preview Content */ = {
			isa = PBXGroup;
			children = (
				7A5281AC2D0F24A2005CAC69 /* Preview Assets.xcassets */,
			);
			path = "Preview Content";
			sourceTree = "<group>";
		};
		7A5281B42D0F253D005CAC69 /* Helpers */ = {
			isa = PBXGroup;
			children = (
				7AA887912D8D62180059A4A2 /* Dead Code */,
				7A3D311A2D564AFC0031C192 /* Duplicate */,
			);
			path = Helpers;
			sourceTree = "<group>";
		};
		7A5281B52D0F2554005CAC69 /* View */ = {
			isa = PBXGroup;
			children = (
				7A5281B62D0F2562005CAC69 /* HomeView.swift */,
			);
			path = View;
			sourceTree = "<group>";
		};
		7AA8878A2D8D614A0059A4A2 /* Models */ = {
			isa = PBXGroup;
			children = (
				7AA887AD2DA44C610059A4A2 /* PDG */,
				7AA887AC2DA44C1A0059A4A2 /* AST */,
				7AA887922D8D63CC0059A4A2 /* PDGGraph2.swift */,
				7AA887AA2DA4484F0059A4A2 /* AST2.swift */,
				7AA887A82DA4477E0059A4A2 /* ASTVisitor2.swift */,
			);
			path = Models;
			sourceTree = "<group>";
		};
		7AA887912D8D62180059A4A2 /* Dead Code */ = {
			isa = PBXGroup;
			children = (
				7A8A41BB2D2EEC4600FD7D5A /* DeadCodeManager.swift */,
			);
			path = "Dead Code";
			sourceTree = "<group>";
		};
		7AA887AC2DA44C1A0059A4A2 /* AST */ = {
			isa = PBXGroup;
			children = (
				7AA8878D2D8D61850059A4A2 /* AST.swift */,
				7AA8878B2D8D615A0059A4A2 /* ASTVisitor.swift */,
				7AA8878F2D8D61A00059A4A2 /* ASTNode.swift */,
			);
			path = AST;
			sourceTree = "<group>";
		};
		7AA887AD2DA44C610059A4A2 /* PDG */ = {
			isa = PBXGroup;
			children = (
				7AA887B92DA455A70059A4A2 /* PDGSubgraph.swift */,
				7AA887B72DA451B40059A4A2 /* PDGEdgeType.swift */,
				7AA887B42DA44E2F0059A4A2 /* PDGGraph.swift */,
				7AA887AE2DA44C6D0059A4A2 /* PDGNode.swift */,
			);
			path = PDG;
			sourceTree = "<group>";
		};
		7AA887B62DA44F0E0059A4A2 /* Managers */ = {
			isa = PBXGroup;
			children = (
				7AA887B22DA44D590059A4A2 /* PDGDuplicateCodeManager.swift */,
				7A3D311B2D564B0B0031C192 /* ASTDuplicateCodeManager.swift */,
			);
			path = Managers;
			sourceTree = "<group>";
		};
/* End PBXGroup section */

/* Begin PBXNativeTarget section */
		7A5281A12D0F24A0005CAC69 /* AppOptimizer */ = {
			isa = PBXNativeTarget;
			buildConfigurationList = 7A5281B12D0F24A2005CAC69 /* Build configuration list for PBXNativeTarget "AppOptimizer" */;
			buildPhases = (
				7A52819E2D0F24A0005CAC69 /* Sources */,
				7A52819F2D0F24A0005CAC69 /* Frameworks */,
				7A5281A02D0F24A0005CAC69 /* Resources */,
			);
			buildRules = (
			);
			dependencies = (
			);
			name = AppOptimizer;
			productName = AppOptimizer2;
			productReference = 7A5281A22D0F24A0005CAC69 /* AppOptimizer.app */;
			productType = "com.apple.product-type.application";
		};
/* End PBXNativeTarget section */

/* Begin PBXProject section */
		7A52819A2D0F24A0005CAC69 /* Project object */ = {
			isa = PBXProject;
			attributes = {
				BuildIndependentTargetsInParallel = 1;
				LastSwiftUpdateCheck = 1510;
				LastUpgradeCheck = 1510;
				TargetAttributes = {
					7A5281A12D0F24A0005CAC69 = {
						CreatedOnToolsVersion = 15.1;
					};
				};
			};
			buildConfigurationList = 7A52819D2D0F24A0005CAC69 /* Build configuration list for PBXProject "AppOptimizer" */;
			compatibilityVersion = "Xcode 14.0";
			developmentRegion = en;
			hasScannedForEncodings = 0;
			knownRegions = (
				en,
				Base,
			);
			mainGroup = 7A5281992D0F24A0005CAC69;
			packageReferences = (
				7AA82AE62D56448C006F5BA1 /* XCRemoteSwiftPackageReference "swift-syntax" */,
				7AA887982D8D6B440059A4A2 /* XCRemoteSwiftPackageReference "SwiftGraph" */,
			);
			productRefGroup = 7A5281A32D0F24A0005CAC69 /* Products */;
			projectDirPath = "";
			projectRoot = "";
			targets = (
				7A5281A12D0F24A0005CAC69 /* AppOptimizer */,
			);
		};
/* End PBXProject section */

/* Begin PBXResourcesBuildPhase section */
		7A5281A02D0F24A0005CAC69 /* Resources */ = {
			isa = PBXResourcesBuildPhase;
			buildActionMask = 2147483647;
			files = (
				7A5281BC2D0F7BBA005CAC69 /* analyze_dead_code.rb in Resources */,
				7ADFF8F22D316A1C00882B4B /* analyze_libs.rb in Resources */,
				7ADFF8F12D316A1C00882B4B /* analyze_assets.rb in Resources */,
				7A5281AD2D0F24A2005CAC69 /* Preview Assets.xcassets in Resources */,
				7A5281AA2D0F24A2005CAC69 /* Assets.xcassets in Resources */,
			);
			runOnlyForDeploymentPostprocessing = 0;
		};
/* End PBXResourcesBuildPhase section */

/* Begin PBXSourcesBuildPhase section */
		7A52819E2D0F24A0005CAC69 /* Sources */ = {
			isa = PBXSourcesBuildPhase;
			buildActionMask = 2147483647;
			files = (
				7A3D311C2D564B0C0031C192 /* ASTDuplicateCodeManager.swift in Sources */,
				7AA8878E2D8D61880059A4A2 /* AST.swift in Sources */,
				7A8A41BC2D2EEC4600FD7D5A /* DeadCodeManager.swift in Sources */,
				7A5281A82D0F24A0005CAC69 /* ContentView.swift in Sources */,
				7AA887AB2DA4484F0059A4A2 /* AST2.swift in Sources */,
				7AA887932D8D63CD0059A4A2 /* PDGGraph2.swift in Sources */,
				7AA887B82DA451B50059A4A2 /* PDGEdgeType.swift in Sources */,
				7AA887B52DA44E300059A4A2 /* PDGGraph.swift in Sources */,
				7AA887AF2DA44C6D0059A4A2 /* PDGNode.swift in Sources */,
				7A5281B72D0F2562005CAC69 /* HomeView.swift in Sources */,
				7A5281A62D0F24A0005CAC69 /* AppOptimizerApp.swift in Sources */,
				7AA887BA2DA455AD0059A4A2 /* PDGSubgraph.swift in Sources */,
				7AA887B12DA44D280059A4A2 /* PDGBuilder.swift in Sources */,
				7AA887A92DA4477E0059A4A2 /* ASTVisitor2.swift in Sources */,
				7AA887B32DA44D590059A4A2 /* PDGDuplicateCodeManager.swift in Sources */,
				7AA887902D8D61A10059A4A2 /* ASTNode.swift in Sources */,
				7AA8878C2D8D615B0059A4A2 /* ASTVisitor.swift in Sources */,
			);
			runOnlyForDeploymentPostprocessing = 0;
		};
/* End PBXSourcesBuildPhase section */

/* Begin XCBuildConfiguration section */
		7A5281AF2D0F24A2005CAC69 /* Debug */ = {
			isa = XCBuildConfiguration;
			buildSettings = {
				ALWAYS_SEARCH_USER_PATHS = NO;
				ASSETCATALOG_COMPILER_GENERATE_SWIFT_ASSET_SYMBOL_EXTENSIONS = YES;
				CLANG_ANALYZER_NONNULL = YES;
				CLANG_ANALYZER_NUMBER_OBJECT_CONVERSION = YES_AGGRESSIVE;
				CLANG_CXX_LANGUAGE_STANDARD = "gnu++20";
				CLANG_ENABLE_MODULES = YES;
				CLANG_ENABLE_OBJC_ARC = YES;
				CLANG_ENABLE_OBJC_WEAK = YES;
				CLANG_WARN_BLOCK_CAPTURE_AUTORELEASING = YES;
				CLANG_WARN_BOOL_CONVERSION = YES;
				CLANG_WARN_COMMA = YES;
				CLANG_WARN_CONSTANT_CONVERSION = YES;
				CLANG_WARN_DEPRECATED_OBJC_IMPLEMENTATIONS = YES;
				CLANG_WARN_DIRECT_OBJC_ISA_USAGE = YES_ERROR;
				CLANG_WARN_DOCUMENTATION_COMMENTS = YES;
				CLANG_WARN_EMPTY_BODY = YES;
				CLANG_WARN_ENUM_CONVERSION = YES;
				CLANG_WARN_INFINITE_RECURSION = YES;
				CLANG_WARN_INT_CONVERSION = YES;
				CLANG_WARN_NON_LITERAL_NULL_CONVERSION = YES;
				CLANG_WARN_OBJC_IMPLICIT_RETAIN_SELF = YES;
				CLANG_WARN_OBJC_LITERAL_CONVERSION = YES;
				CLANG_WARN_OBJC_ROOT_CLASS = YES_ERROR;
				CLANG_WARN_QUOTED_INCLUDE_IN_FRAMEWORK_HEADER = YES;
				CLANG_WARN_RANGE_LOOP_ANALYSIS = YES;
				CLANG_WARN_STRICT_PROTOTYPES = YES;
				CLANG_WARN_SUSPICIOUS_MOVE = YES;
				CLANG_WARN_UNGUARDED_AVAILABILITY = YES_AGGRESSIVE;
				CLANG_WARN_UNREACHABLE_CODE = YES;
				CLANG_WARN__DUPLICATE_METHOD_MATCH = YES;
				COPY_PHASE_STRIP = NO;
				DEBUG_INFORMATION_FORMAT = dwarf;
				ENABLE_STRICT_OBJC_MSGSEND = YES;
				ENABLE_TESTABILITY = YES;
				ENABLE_USER_SCRIPT_SANDBOXING = YES;
				GCC_C_LANGUAGE_STANDARD = gnu17;
				GCC_DYNAMIC_NO_PIC = NO;
				GCC_NO_COMMON_BLOCKS = YES;
				GCC_OPTIMIZATION_LEVEL = 0;
				GCC_PREPROCESSOR_DEFINITIONS = (
					"DEBUG=1",
					"$(inherited)",
				);
				GCC_WARN_64_TO_32_BIT_CONVERSION = YES;
				GCC_WARN_ABOUT_RETURN_TYPE = YES_ERROR;
				GCC_WARN_UNDECLARED_SELECTOR = YES;
				GCC_WARN_UNINITIALIZED_AUTOS = YES_AGGRESSIVE;
				GCC_WARN_UNUSED_FUNCTION = YES;
				GCC_WARN_UNUSED_VARIABLE = YES;
				LOCALIZATION_PREFERS_STRING_CATALOGS = YES;
				MACOSX_DEPLOYMENT_TARGET = 14.2;
				MTL_ENABLE_DEBUG_INFO = INCLUDE_SOURCE;
				MTL_FAST_MATH = YES;
				ONLY_ACTIVE_ARCH = YES;
				SDKROOT = macosx;
				SWIFT_ACTIVE_COMPILATION_CONDITIONS = "DEBUG $(inherited)";
				SWIFT_OPTIMIZATION_LEVEL = "-Onone";
			};
			name = Debug;
		};
		7A5281B02D0F24A2005CAC69 /* Release */ = {
			isa = XCBuildConfiguration;
			buildSettings = {
				ALWAYS_SEARCH_USER_PATHS = NO;
				ASSETCATALOG_COMPILER_GENERATE_SWIFT_ASSET_SYMBOL_EXTENSIONS = YES;
				CLANG_ANALYZER_NONNULL = YES;
				CLANG_ANALYZER_NUMBER_OBJECT_CONVERSION = YES_AGGRESSIVE;
				CLANG_CXX_LANGUAGE_STANDARD = "gnu++20";
				CLANG_ENABLE_MODULES = YES;
				CLANG_ENABLE_OBJC_ARC = YES;
				CLANG_ENABLE_OBJC_WEAK = YES;
				CLANG_WARN_BLOCK_CAPTURE_AUTORELEASING = YES;
				CLANG_WARN_BOOL_CONVERSION = YES;
				CLANG_WARN_COMMA = YES;
				CLANG_WARN_CONSTANT_CONVERSION = YES;
				CLANG_WARN_DEPRECATED_OBJC_IMPLEMENTATIONS = YES;
				CLANG_WARN_DIRECT_OBJC_ISA_USAGE = YES_ERROR;
				CLANG_WARN_DOCUMENTATION_COMMENTS = YES;
				CLANG_WARN_EMPTY_BODY = YES;
				CLANG_WARN_ENUM_CONVERSION = YES;
				CLANG_WARN_INFINITE_RECURSION = YES;
				CLANG_WARN_INT_CONVERSION = YES;
				CLANG_WARN_NON_LITERAL_NULL_CONVERSION = YES;
				CLANG_WARN_OBJC_IMPLICIT_RETAIN_SELF = YES;
				CLANG_WARN_OBJC_LITERAL_CONVERSION = YES;
				CLANG_WARN_OBJC_ROOT_CLASS = YES_ERROR;
				CLANG_WARN_QUOTED_INCLUDE_IN_FRAMEWORK_HEADER = YES;
				CLANG_WARN_RANGE_LOOP_ANALYSIS = YES;
				CLANG_WARN_STRICT_PROTOTYPES = YES;
				CLANG_WARN_SUSPICIOUS_MOVE = YES;
				CLANG_WARN_UNGUARDED_AVAILABILITY = YES_AGGRESSIVE;
				CLANG_WARN_UNREACHABLE_CODE = YES;
				CLANG_WARN__DUPLICATE_METHOD_MATCH = YES;
				COPY_PHASE_STRIP = NO;
				DEBUG_INFORMATION_FORMAT = "dwarf-with-dsym";
				ENABLE_NS_ASSERTIONS = NO;
				ENABLE_STRICT_OBJC_MSGSEND = YES;
				ENABLE_USER_SCRIPT_SANDBOXING = YES;
				GCC_C_LANGUAGE_STANDARD = gnu17;
				GCC_NO_COMMON_BLOCKS = YES;
				GCC_WARN_64_TO_32_BIT_CONVERSION = YES;
				GCC_WARN_ABOUT_RETURN_TYPE = YES_ERROR;
				GCC_WARN_UNDECLARED_SELECTOR = YES;
				GCC_WARN_UNINITIALIZED_AUTOS = YES_AGGRESSIVE;
				GCC_WARN_UNUSED_FUNCTION = YES;
				GCC_WARN_UNUSED_VARIABLE = YES;
				LOCALIZATION_PREFERS_STRING_CATALOGS = YES;
				MACOSX_DEPLOYMENT_TARGET = 14.2;
				MTL_ENABLE_DEBUG_INFO = NO;
				MTL_FAST_MATH = YES;
				SDKROOT = macosx;
				SWIFT_COMPILATION_MODE = wholemodule;
			};
			name = Release;
		};
		7A5281B22D0F24A2005CAC69 /* Debug */ = {
			isa = XCBuildConfiguration;
			buildSettings = {
				ASSETCATALOG_COMPILER_APPICON_NAME = AppIcon;
				ASSETCATALOG_COMPILER_GLOBAL_ACCENT_COLOR_NAME = AccentColor;
				CODE_SIGN_ENTITLEMENTS = AppOptimizer/AppOptimizer.entitlements;
				"CODE_SIGN_IDENTITY[sdk=macosx*]" = "Apple Development";
				CODE_SIGN_STYLE = Automatic;
				COMBINE_HIDPI_IMAGES = YES;
				CURRENT_PROJECT_VERSION = 1;
				DEVELOPMENT_ASSET_PATHS = "\"AppOptimizer/Preview Content\"";
				DEVELOPMENT_TEAM = J75R88STH9;
				ENABLE_APP_SANDBOX = NO;
				ENABLE_HARDENED_RUNTIME = YES;
				ENABLE_PREVIEWS = YES;
				GENERATE_INFOPLIST_FILE = YES;
				INFOPLIST_KEY_NSHumanReadableCopyright = "";
				LD_RUNPATH_SEARCH_PATHS = (
					"$(inherited)",
					"@executable_path/../Frameworks",
				);
				MARKETING_VERSION = 1.0;
				PRODUCT_BUNDLE_IDENTIFIER = AlsuFaizova.AppOptimizer;
				PRODUCT_NAME = "$(TARGET_NAME)";
				SWIFT_EMIT_LOC_STRINGS = YES;
				SWIFT_VERSION = 5.0;
			};
			name = Debug;
		};
		7A5281B32D0F24A2005CAC69 /* Release */ = {
			isa = XCBuildConfiguration;
			buildSettings = {
				ASSETCATALOG_COMPILER_APPICON_NAME = AppIcon;
				ASSETCATALOG_COMPILER_GLOBAL_ACCENT_COLOR_NAME = AccentColor;
				CODE_SIGN_ENTITLEMENTS = AppOptimizer/AppOptimizer.entitlements;
				"CODE_SIGN_IDENTITY[sdk=macosx*]" = "Apple Development";
				CODE_SIGN_STYLE = Automatic;
				COMBINE_HIDPI_IMAGES = YES;
				CURRENT_PROJECT_VERSION = 1;
				DEVELOPMENT_ASSET_PATHS = "\"AppOptimizer/Preview Content\"";
				DEVELOPMENT_TEAM = J75R88STH9;
				ENABLE_APP_SANDBOX = NO;
				ENABLE_HARDENED_RUNTIME = YES;
				ENABLE_PREVIEWS = YES;
				GENERATE_INFOPLIST_FILE = YES;
				INFOPLIST_KEY_NSHumanReadableCopyright = "";
				LD_RUNPATH_SEARCH_PATHS = (
					"$(inherited)",
					"@executable_path/../Frameworks",
				);
				MARKETING_VERSION = 1.0;
				PRODUCT_BUNDLE_IDENTIFIER = AlsuFaizova.AppOptimizer;
				PRODUCT_NAME = "$(TARGET_NAME)";
				SWIFT_EMIT_LOC_STRINGS = YES;
				SWIFT_VERSION = 5.0;
			};
			name = Release;
		};
/* End XCBuildConfiguration section */

/* Begin XCConfigurationList section */
		7A52819D2D0F24A0005CAC69 /* Build configuration list for PBXProject "AppOptimizer" */ = {
			isa = XCConfigurationList;
			buildConfigurations = (
				7A5281AF2D0F24A2005CAC69 /* Debug */,
				7A5281B02D0F24A2005CAC69 /* Release */,
			);
			defaultConfigurationIsVisible = 0;
			defaultConfigurationName = Release;
		};
		7A5281B12D0F24A2005CAC69 /* Build configuration list for PBXNativeTarget "AppOptimizer" */ = {
			isa = XCConfigurationList;
			buildConfigurations = (
				7A5281B22D0F24A2005CAC69 /* Debug */,
				7A5281B32D0F24A2005CAC69 /* Release */,
			);
			defaultConfigurationIsVisible = 0;
			defaultConfigurationName = Release;
		};
/* End XCConfigurationList section */

/* Begin XCRemoteSwiftPackageReference section */
		7AA82AE62D56448C006F5BA1 /* XCRemoteSwiftPackageReference "swift-syntax" */ = {
			isa = XCRemoteSwiftPackageReference;
			repositoryURL = "https://github.com/swiftlang/swift-syntax.git";
			requirement = {
				kind = exactVersion;
				version = 509.0.0;
			};
		};
		7AA887982D8D6B440059A4A2 /* XCRemoteSwiftPackageReference "SwiftGraph" */ = {
			isa = XCRemoteSwiftPackageReference;
			repositoryURL = "https://github.com/davecom/SwiftGraph";
			requirement = {
				kind = upToNextMajorVersion;
				minimumVersion = 3.1.0;
			};
		};
/* End XCRemoteSwiftPackageReference section */

/* Begin XCSwiftPackageProductDependency section */
		7A3D31102D5647980031C192 /* SwiftBasicFormat */ = {
			isa = XCSwiftPackageProductDependency;
			package = 7AA82AE62D56448C006F5BA1 /* XCRemoteSwiftPackageReference "swift-syntax" */;
			productName = SwiftBasicFormat;
		};
		7A3D31122D5647980031C192 /* SwiftCompilerPlugin */ = {
			isa = XCSwiftPackageProductDependency;
			package = 7AA82AE62D56448C006F5BA1 /* XCRemoteSwiftPackageReference "swift-syntax" */;
			productName = SwiftCompilerPlugin;
		};
		7A3D31142D5647980031C192 /* SwiftDiagnostics */ = {
			isa = XCSwiftPackageProductDependency;
			package = 7AA82AE62D56448C006F5BA1 /* XCRemoteSwiftPackageReference "swift-syntax" */;
			productName = SwiftDiagnostics;
		};
		7A3D31162D5647980031C192 /* SwiftIDEUtils */ = {
			isa = XCSwiftPackageProductDependency;
			package = 7AA82AE62D56448C006F5BA1 /* XCRemoteSwiftPackageReference "swift-syntax" */;
			productName = SwiftIDEUtils;
		};
		7A3D31182D5647980031C192 /* SwiftOperators */ = {
			isa = XCSwiftPackageProductDependency;
			package = 7AA82AE62D56448C006F5BA1 /* XCRemoteSwiftPackageReference "swift-syntax" */;
			productName = SwiftOperators;
		};
		7AA887992D8D6B440059A4A2 /* SwiftGraph */ = {
			isa = XCSwiftPackageProductDependency;
			package = 7AA887982D8D6B440059A4A2 /* XCRemoteSwiftPackageReference "SwiftGraph" */;
			productName = SwiftGraph;
		};
/* End XCSwiftPackageProductDependency section */
	};
	rootObject = 7A52819A2D0F24A0005CAC69 /* Project object */;
}
